version = 1
revision = 2
requires-python = ">=3.13"

[[package]]
name = "chromatron-cc46"
version = "0.1.0"
source = { virtual = "." }
dependencies = [
    { name = "pyghidra" },
]

[package.metadata]
requires-dist = [{ name = "pyghidra", specifier = ">=3.0.2" }]

[[package]]
name = "jpype1"
version = "1.5.2"
source = { registry = "https://pypi.org/simple" }
dependencies = [
    { name = "packaging" },
]
sdist = { url = "https://files.pythonhosted.org/packages/bd/68/47fa634cbd0418cbca86355e9421425f5892ee994f7338106327e49f9117/jpype1-1.5.2.tar.gz", hash = "sha256:74a42eccf21d30394c1832aec3985a14965fa5320da087b65029d172c0cec43b", size = 1011421, upload-time = "2025-01-27T10:33:16.738Z" }
wheels = [
    { url = "https://files.pythonhosted.org/packages/76/be/b37005bec457b94eaaf637a663073b7c5df70113fd4ae4865f6e386c612f/jpype1-1.5.2-cp313-cp313-macosx_10_13_universal2.whl", hash = "sha256:4acb098cb1698b14b6e5c79e275f4c70dcc01b0fb93425f206d0a5e380e43c66", size = 583600, upload-time = "2025-01-27T10:34:40.865Z" },
    { url = "https://files.pythonhosted.org/packages/20/a3/00a265d424f7d47e0dc547df2320225ce0143fec671faf710def41404b8c/jpype1-1.5.2-cp313-cp313-manylinux_2_17_aarch64.manylinux2014_aarch64.whl", hash = "sha256:c08480c7d18125664a12bf0a244b96b49c05105306b65937dbefeb05ab4b2847", size = 466426, upload-time = "2025-01-27T10:34:42.592Z" },
    { url = "https://files.pythonhosted.org/packages/0e/cd/890d9ed43d7e1366e151c0ed7046e59f6c1cb7ecfc8ecfefe9e5e79f8420/jpype1-1.5.2-cp313-cp313-manylinux_2_17_i686.manylinux2014_i686.whl", hash = "sha256:6819f231c651ef876ffb23158083ea498ff80b57c46da537148412aa22235a13", size = 509513, upload-time = "2025-01-27T10:34:44.538Z" },
    { url = "https://files.pythonhosted.org/packages/6d/d0/191db2e9ab6ae7029368a488c9d88235966843b185aba7925e54aa0c0013/jpype1-1.5.2-cp313-cp313-manylinux_2_17_x86_64.manylinux2014_x86_64.whl", hash = "sha256:42fe8db66ad4e5c66f637f5c4de82fca880ba696104e1f4a7e575885923dead8", size = 493474, upload-time = "2025-01-27T10:34:46.37Z" },
    { url = "https://files.pythonhosted.org/packages/e3/b7/e1787633b41d609320b41d0dd87fe3118598210609e4e3f6cef93cfcef40/jpype1-1.5.2-cp313-cp313-win_amd64.whl", hash = "sha256:2b96365f1302df2fb3c6ad73117d6fe450a55b7550fd7fecadac3cec5bc7117c", size = 356150, upload-time = "2025-01-27T10:34:56.58Z" },
    { url = "https://files.pythonhosted.org/packages/a8/c8/76541ffefa6fc4ee7a3a8c7e6d9e376f5ac8980a47ff31a8c330ffbb5dcf/jpype1-1.5.2-cp313-cp313t-manylinux_2_17_aarch64.manylinux2014_aarch64.whl", hash = "sha256:4ea5001f6a7a42be6f5f500dcb20dad5738fef6a7d19c86dbcf482b803f01cab", size = 468412, upload-time = "2025-01-27T10:34:49.155Z" },
    { url = "https://files.pythonhosted.org/packages/be/6f/827ca43aaa5ea6b773aa90b405acec22bd152d1284aa40f7c0c02bc1657b/jpype1-1.5.2-cp313-cp313t-manylinux_2_17_i686.manylinux2014_i686.whl", hash = "sha256:220d33305998ff7a7cbc9c0b5eea54f2691fdc21e60d52ad56276ea13fd5bd4c", size = 511322, upload-time = "2025-01-27T10:34:52.832Z" },
    { url = "https://files.pythonhosted.org/packages/76/37/f1396d7b66f9b6867a279db510e625ba51c8a4b4397f59a6c2b20fb55548/jpype1-1.5.2-cp313-cp313t-manylinux_2_17_x86_64.manylinux2014_x86_64.whl", hash = "sha256:6f1ed152fdd5200067dc0cdcd4683530b87a6be3987b98596cdf5a7d3ac4c679", size = 494714, upload-time = "2025-01-27T10:34:54.785Z" },
]

[[package]]
name = "packaging"
version = "26.0"
source = { registry = "https://pypi.org/simple" }
sdist = { url = "https://files.pythonhosted.org/packages/65/ee/299d360cdc32edc7d2cf530f3accf79c4fca01e96ffc950d8a52213bd8e4/packaging-26.0.tar.gz", hash = "sha256:00243ae351a257117b6a241061796684b084ed1c516a08c48a3f7e147a9d80b4", size = 143416, upload-time = "2026-01-21T20:50:39.064Z" }
wheels = [
    { url = "https://files.pythonhosted.org/packages/b7/b9/c538f279a4e237a006a2c98387d081e9eb060d203d8ed34467cc0f0b9b53/packaging-26.0-py3-none-any.whl", hash = "sha256:b36f1fef9334a5588b4166f8bcd26a14e521f2b55e6b9de3aaa80d3ff7a37529", size = 74366, upload-time = "2026-01-21T20:50:37.788Z" },
]

[[package]]
name = "pyghidra"
version = "3.0.2"
source = { registry = "https://pypi.org/simple" }
dependencies = [
    { name = "jpype1" },
    { name = "packaging" },
]
sdist = { url = "https://files.pythonhosted.org/packages/f9/2a/81907d90f3cfa6f1c5dff1b3b5f6cfb0315b27db962604c36e8986ce7776/pyghidra-3.0.2.tar.gz", hash = "sha256:79ad4fd571e32f343cf3fcdbd84fc6e333ef1a26475a3a8f72b629a9f3c879da", size = 52479, upload-time = "2026-01-15T11:17:25.074Z" }
wheels = [
    { url = "https://files.pythonhosted.org/packages/69/95/b63d7950dd83af3be92dda506ed0b6abe00a1cd623883bf3ff574507a38a/pyghidra-3.0.2-py3-none-any.whl", hash = "sha256:1bd49496e90d67b8aa06adeb3d80e0a5be6f5582f754e83625197a326772ebfe", size = 50728, upload-time = "2026-01-15T11:17:24.179Z" },
]
